
Microsoft Visual Studio Solution File, Format Version 12.00
# Visual Studio Version 16
VisualStudioVersion = 16.0.31515.178
MinimumVisualStudioVersion = 10.0.40219.1
Project("{9A19103F-16F7-4668-BE54-9A1E7A4F7556}") = "POC.DataLayer.Web", "POC.DataLayer.Web\POC.DataLayer.Web.csproj", "{8727B338-6CAC-4164-826E-249C8BFA0DAD}"
EndProject
Project("{2150E333-8FDC-42A3-9474-1A3956D46DE8}") = "Solution Items", "Solution Items", "{8824CC69-2F25-4DFD-9E89-952342EE15E0}"
	ProjectSection(SolutionItems) = preProject
		README.md = README.md
	EndProjectSection
EndProject
Project("{9A19103F-16F7-4668-BE54-9A1E7A4F7556}") = "POC.DataLayer.Data.Test.Unit", "POC.DataLayer.Test\POC.DataLayer.Data.Test.Unit.csproj", "{8DBA0E68-3B9B-42E9-A657-1499737A8E71}"
EndProject
Project("{9A19103F-16F7-4668-BE54-9A1E7A4F7556}") = "POC.DataLayer.Data", "POC.DataLayer.Data\POC.DataLayer.Data.csproj", "{102E027E-87E3-449B-9686-DA071625C3DE}"
EndProject
Project("{FAE04EC0-301F-11D3-BF4B-00C04F79EFBC}") = "POC.DataLayer.Data.Test.Integration", "POC.DataLayer.Data.Test.Integration\POC.DataLayer.Data.Test.Integration.csproj", "{2C72B751-9ACF-4287-A597-DD5F32594722}"
EndProject
Global
	GlobalSection(SolutionConfigurationPlatforms) = preSolution
		Debug|Any CPU = Debug|Any CPU
		Release|Any CPU = Release|Any CPU
	EndGlobalSection
	GlobalSection(ProjectConfigurationPlatforms) = postSolution
		{8727B338-6CAC-4164-826E-249C8BFA0DAD}.Debug|Any CPU.ActiveCfg = Debug|Any CPU
		{8727B338-6CAC-4164-826E-249C8BFA0DAD}.Debug|Any CPU.Build.0 = Debug|Any CPU
		{8727B338-6CAC-4164-826E-249C8BFA0DAD}.Release|Any CPU.ActiveCfg = Release|Any CPU
		{8727B338-6CAC-4164-826E-249C8BFA0DAD}.Release|Any CPU.Build.0 = Release|Any CPU
		{8DBA0E68-3B9B-42E9-A657-1499737A8E71}.Debug|Any CPU.ActiveCfg = Debug|Any CPU
		{8DBA0E68-3B9B-42E9-A657-1499737A8E71}.Debug|Any CPU.Build.0 = Debug|Any CPU
		{8DBA0E68-3B9B-42E9-A657-1499737A8E71}.Release|Any CPU.ActiveCfg = Release|Any CPU
		{8DBA0E68-3B9B-42E9-A657-1499737A8E71}.Release|Any CPU.Build.0 = Release|Any CPU
		{102E027E-87E3-449B-9686-DA071625C3DE}.Debug|Any CPU.ActiveCfg = Debug|Any CPU
		{102E027E-87E3-449B-9686-DA071625C3DE}.Debug|Any CPU.Build.0 = Debug|Any CPU
		{102E027E-87E3-449B-9686-DA071625C3DE}.Release|Any CPU.ActiveCfg = Release|Any CPU
		{102E027E-87E3-449B-9686-DA071625C3DE}.Release|Any CPU.Build.0 = Release|Any CPU
		{2C72B751-9ACF-4287-A597-DD5F32594722}.Debug|Any CPU.ActiveCfg = Debug|Any CPU
		{2C72B751-9ACF-4287-A597-DD5F32594722}.Debug|Any CPU.Build.0 = Debug|Any CPU
		{2C72B751-9ACF-4287-A597-DD5F32594722}.Release|Any CPU.ActiveCfg = Release|Any CPU
		{2C72B751-9ACF-4287-A597-DD5F32594722}.Release|Any CPU.Build.0 = Release|Any CPU
	EndGlobalSection
	GlobalSection(SolutionProperties) = preSolution
		HideSolutionNode = FALSE
	EndGlobalSection
	GlobalSection(ExtensibilityGlobals) = postSolution
		SolutionGuid = {180904F4-19F8-4B66-93CE-EAEDAF2254E7}
	EndGlobalSection
EndGlobal
